
Microsoft Visual Studio Solution File, Format Version 12.00
# Visual Studio Version 17
VisualStudioVersion = 17.8.34525.116
MinimumVisualStudioVersion = 10.0.40219.1
Project("{2150E333-8FDC-42A3-9474-1A3956D46DE8}") = "Services", "Services", "{C91CD81C-0195-4C51-B074-93678D7CFA1B}"
EndProject
Project("{2150E333-8FDC-42A3-9474-1A3956D46DE8}") = "Catalog", "Catalog", "{E948A0B2-4BE6-4096-B74E-A4EF904BD46B}"
EndProject
Project("{9A19103F-16F7-4668-BE54-9A1E7A4F7556}") = "Catalog.API", "Services\Catalog\Catalog.API\Catalog.API.csproj", "{C77E2AD8-BE01-4369-91C0-3B31A7196FF4}"
EndProject
Project("{2150E333-8FDC-42A3-9474-1A3956D46DE8}") = "BuildingBlocks", "BuildingBlocks", "{08F21B44-48AE-4426-A171-1D1CFB50FBFB}"
EndProject
Project("{9A19103F-16F7-4668-BE54-9A1E7A4F7556}") = "BuildingBlocks", "BuildingBlocks\BuildingBlocks\BuildingBlocks.csproj", "{8386EE6F-ADFA-4723-8A63-CDF806CD81DC}"
EndProject
Project("{E53339B2-1760-4266-BCC7-CA923CBCF16C}") = "docker-compose", "docker-compose.dcproj", "{AA876BE6-29EE-4819-BF21-EB061F2AEFB9}"
EndProject
Project("{2150E333-8FDC-42A3-9474-1A3956D46DE8}") = "Basket", "Basket", "{1561B738-7511-4A68-A25C-64FDF62F54DB}"
EndProject
Project("{9A19103F-16F7-4668-BE54-9A1E7A4F7556}") = "Basket.API", "Services\Basket\Basket.APİ\Basket.API.csproj", "{86FA97BA-D674-4093-9135-355BD746CBFB}"
EndProject
Project("{2150E333-8FDC-42A3-9474-1A3956D46DE8}") = "Discount", "Discount", "{FEC3511B-F30B-49DA-BCAC-06AF595D8DC8}"
EndProject
Project("{9A19103F-16F7-4668-BE54-9A1E7A4F7556}") = "Discount.Grpc", "Services\Discount\Discount.Grpc\Discount.Grpc.csproj", "{8E0FE7A8-32D2-4C78-A3F3-7F33FB535548}"
EndProject
Project("{2150E333-8FDC-42A3-9474-1A3956D46DE8}") = "Ordering", "Ordering", "{9ECE3D49-C2C7-405C-986E-FE89F65BE64B}"
EndProject
Project("{9A19103F-16F7-4668-BE54-9A1E7A4F7556}") = "Ordering.API", "Services\Ordering\Ordering.API\Ordering.API.csproj", "{E073E4D3-CA2A-4B89-90D9-58DF28F4687D}"
EndProject
Project("{FAE04EC0-301F-11D3-BF4B-00C04F79EFBC}") = "Ordering.Domain", "Services\Ordering\Ordering.Domain\Ordering.Domain.csproj", "{42F921CD-0950-4414-9472-B0CDA7DE19B0}"
EndProject
Project("{FAE04EC0-301F-11D3-BF4B-00C04F79EFBC}") = "Ordering.Infrastructure", "Services\Ordering\Ordering.Infrastructure\Ordering.Infrastructure.csproj", "{28BCACA9-B94A-4045-9CB6-5866FB338A82}"
EndProject
Project("{FAE04EC0-301F-11D3-BF4B-00C04F79EFBC}") = "Ordering.Application", "Services\Ordering\Ordering.Application\Ordering.Application.csproj", "{E2724FA6-E8EF-436B-8BA0-72821323EFD2}"
EndProject
Global
	GlobalSection(SolutionConfigurationPlatforms) = preSolution
		Debug|Any CPU = Debug|Any CPU
		Release|Any CPU = Release|Any CPU
	EndGlobalSection
	GlobalSection(ProjectConfigurationPlatforms) = postSolution
		{C77E2AD8-BE01-4369-91C0-3B31A7196FF4}.Debug|Any CPU.ActiveCfg = Debug|Any CPU
		{C77E2AD8-BE01-4369-91C0-3B31A7196FF4}.Debug|Any CPU.Build.0 = Debug|Any CPU
		{C77E2AD8-BE01-4369-91C0-3B31A7196FF4}.Release|Any CPU.ActiveCfg = Release|Any CPU
		{C77E2AD8-BE01-4369-91C0-3B31A7196FF4}.Release|Any CPU.Build.0 = Release|Any CPU
		{8386EE6F-ADFA-4723-8A63-CDF806CD81DC}.Debug|Any CPU.ActiveCfg = Debug|Any CPU
		{8386EE6F-ADFA-4723-8A63-CDF806CD81DC}.Debug|Any CPU.Build.0 = Debug|Any CPU
		{8386EE6F-ADFA-4723-8A63-CDF806CD81DC}.Release|Any CPU.ActiveCfg = Release|Any CPU
		{8386EE6F-ADFA-4723-8A63-CDF806CD81DC}.Release|Any CPU.Build.0 = Release|Any CPU
		{AA876BE6-29EE-4819-BF21-EB061F2AEFB9}.Debug|Any CPU.ActiveCfg = Debug|Any CPU
		{AA876BE6-29EE-4819-BF21-EB061F2AEFB9}.Debug|Any CPU.Build.0 = Debug|Any CPU
		{AA876BE6-29EE-4819-BF21-EB061F2AEFB9}.Release|Any CPU.ActiveCfg = Release|Any CPU
		{AA876BE6-29EE-4819-BF21-EB061F2AEFB9}.Release|Any CPU.Build.0 = Release|Any CPU
		{86FA97BA-D674-4093-9135-355BD746CBFB}.Debug|Any CPU.ActiveCfg = Debug|Any CPU
		{86FA97BA-D674-4093-9135-355BD746CBFB}.Debug|Any CPU.Build.0 = Debug|Any CPU
		{86FA97BA-D674-4093-9135-355BD746CBFB}.Release|Any CPU.ActiveCfg = Release|Any CPU
		{86FA97BA-D674-4093-9135-355BD746CBFB}.Release|Any CPU.Build.0 = Release|Any CPU
		{8E0FE7A8-32D2-4C78-A3F3-7F33FB535548}.Debug|Any CPU.ActiveCfg = Debug|Any CPU
		{8E0FE7A8-32D2-4C78-A3F3-7F33FB535548}.Debug|Any CPU.Build.0 = Debug|Any CPU
		{8E0FE7A8-32D2-4C78-A3F3-7F33FB535548}.Release|Any CPU.ActiveCfg = Release|Any CPU
		{8E0FE7A8-32D2-4C78-A3F3-7F33FB535548}.Release|Any CPU.Build.0 = Release|Any CPU
		{E073E4D3-CA2A-4B89-90D9-58DF28F4687D}.Debug|Any CPU.ActiveCfg = Debug|Any CPU
		{E073E4D3-CA2A-4B89-90D9-58DF28F4687D}.Debug|Any CPU.Build.0 = Debug|Any CPU
		{E073E4D3-CA2A-4B89-90D9-58DF28F4687D}.Release|Any CPU.ActiveCfg = Release|Any CPU
		{E073E4D3-CA2A-4B89-90D9-58DF28F4687D}.Release|Any CPU.Build.0 = Release|Any CPU
		{42F921CD-0950-4414-9472-B0CDA7DE19B0}.Debug|Any CPU.ActiveCfg = Debug|Any CPU
		{42F921CD-0950-4414-9472-B0CDA7DE19B0}.Debug|Any CPU.Build.0 = Debug|Any CPU
		{42F921CD-0950-4414-9472-B0CDA7DE19B0}.Release|Any CPU.ActiveCfg = Release|Any CPU
		{42F921CD-0950-4414-9472-B0CDA7DE19B0}.Release|Any CPU.Build.0 = Release|Any CPU
		{28BCACA9-B94A-4045-9CB6-5866FB338A82}.Debug|Any CPU.ActiveCfg = Debug|Any CPU
		{28BCACA9-B94A-4045-9CB6-5866FB338A82}.Debug|Any CPU.Build.0 = Debug|Any CPU
		{28BCACA9-B94A-4045-9CB6-5866FB338A82}.Release|Any CPU.ActiveCfg = Release|Any CPU
		{28BCACA9-B94A-4045-9CB6-5866FB338A82}.Release|Any CPU.Build.0 = Release|Any CPU
		{E2724FA6-E8EF-436B-8BA0-72821323EFD2}.Debug|Any CPU.ActiveCfg = Debug|Any CPU
		{E2724FA6-E8EF-436B-8BA0-72821323EFD2}.Debug|Any CPU.Build.0 = Debug|Any CPU
		{E2724FA6-E8EF-436B-8BA0-72821323EFD2}.Release|Any CPU.ActiveCfg = Release|Any CPU
		{E2724FA6-E8EF-436B-8BA0-72821323EFD2}.Release|Any CPU.Build.0 = Release|Any CPU
	EndGlobalSection
	GlobalSection(SolutionProperties) = preSolution
		HideSolutionNode = FALSE
	EndGlobalSection
	GlobalSection(NestedProjects) = preSolution
		{E948A0B2-4BE6-4096-B74E-A4EF904BD46B} = {C91CD81C-0195-4C51-B074-93678D7CFA1B}
		{C77E2AD8-BE01-4369-91C0-3B31A7196FF4} = {E948A0B2-4BE6-4096-B74E-A4EF904BD46B}
		{8386EE6F-ADFA-4723-8A63-CDF806CD81DC} = {08F21B44-48AE-4426-A171-1D1CFB50FBFB}
		{1561B738-7511-4A68-A25C-64FDF62F54DB} = {C91CD81C-0195-4C51-B074-93678D7CFA1B}
		{86FA97BA-D674-4093-9135-355BD746CBFB} = {1561B738-7511-4A68-A25C-64FDF62F54DB}
		{FEC3511B-F30B-49DA-BCAC-06AF595D8DC8} = {C91CD81C-0195-4C51-B074-93678D7CFA1B}
		{8E0FE7A8-32D2-4C78-A3F3-7F33FB535548} = {FEC3511B-F30B-49DA-BCAC-06AF595D8DC8}
		{9ECE3D49-C2C7-405C-986E-FE89F65BE64B} = {C91CD81C-0195-4C51-B074-93678D7CFA1B}
		{E073E4D3-CA2A-4B89-90D9-58DF28F4687D} = {9ECE3D49-C2C7-405C-986E-FE89F65BE64B}
		{42F921CD-0950-4414-9472-B0CDA7DE19B0} = {9ECE3D49-C2C7-405C-986E-FE89F65BE64B}
		{28BCACA9-B94A-4045-9CB6-5866FB338A82} = {9ECE3D49-C2C7-405C-986E-FE89F65BE64B}
		{E2724FA6-E8EF-436B-8BA0-72821323EFD2} = {9ECE3D49-C2C7-405C-986E-FE89F65BE64B}
	EndGlobalSection
	GlobalSection(ExtensibilityGlobals) = postSolution
		SolutionGuid = {493D3B59-6A8D-4CE4-9869-1B4547E85220}
	EndGlobalSection
EndGlobal
